
Microsoft Visual Studio Solution File, Format Version 12.00
# Visual Studio Version 17
VisualStudioVersion = 17.2.32505.173
MinimumVisualStudioVersion = 10.0.40219.1
Project("{FAE04EC0-301F-11D3-BF4B-00C04F79EFBC}") = "BuildAutoIncrement", "BuildAutoIncrement\BuildAutoIncrement.csproj", "{F19E7F79-5C7D-4FE0-A4F2-12B663E2D3E3}"
EndProject
Project("{2150E333-8FDC-42A3-9474-1A3956D46DE8}") = "Solution Items", "Solution Items", "{E711B37E-790A-419A-B45A-9203C79E95FE}"
	ProjectSection(SolutionItems) = preProject
		README.md = README.md
	EndProjectSection
EndProject
Global
	GlobalSection(SolutionConfigurationPlatforms) = preSolution
		Debug|Any CPU = Debug|Any CPU
		Release|Any CPU = Release|Any CPU
	EndGlobalSection
	GlobalSection(ProjectConfigurationPlatforms) = postSolution
		{F19E7F79-5C7D-4FE0-A4F2-12B663E2D3E3}.Debug|Any CPU.ActiveCfg = Debug|Any CPU
		{F19E7F79-5C7D-4FE0-A4F2-12B663E2D3E3}.Debug|Any CPU.Build.0 = Debug|Any CPU
		{F19E7F79-5C7D-4FE0-A4F2-12B663E2D3E3}.Release|Any CPU.ActiveCfg = Release|Any CPU
		{F19E7F79-5C7D-4FE0-A4F2-12B663E2D3E3}.Release|Any CPU.Build.0 = Release|Any CPU
	EndGlobalSection
	GlobalSection(SolutionProperties) = preSolution
		HideSolutionNode = FALSE
	EndGlobalSection
	GlobalSection(ExtensibilityGlobals) = postSolution
		SolutionGuid = {9367F19B-8052-4947-8899-BE078D7B93E6}
	EndGlobalSection
EndGlobal
